// !$*UTF8*$!
{
	archiveVersion = 1;
	classes = {
	};
	objectVersion = 56;
	objects = {

/* Begin PBXBuildFile section */
		0E280A1E29A4E04300DFC658 /* FirebaseAnalytics in Frameworks */ = {isa = PBXBuildFile; productRef = 0E280A1D29A4E04300DFC658 /* FirebaseAnalytics */; };
		0E280A2029A4E04300DFC658 /* FirebaseMessaging in Frameworks */ = {isa = PBXBuildFile; productRef = 0E280A1F29A4E04300DFC658 /* FirebaseMessaging */; };
		0E7D2FAA299F4B6D00D59FF5 /* GoogleService-Info.plist in Resources */ = {isa = PBXBuildFile; fileRef = 0E7D2FA9299F4B6D00D59FF5 /* GoogleService-Info.plist */; };
		0EBD3C672921512B0094A997 /* AppDelegate.swift in Sources */ = {isa = PBXBuildFile; fileRef = 0EBD3C662921512B0094A997 /* AppDelegate.swift */; };
		0EBD3C692921512B0094A997 /* SceneDelegate.swift in Sources */ = {isa = PBXBuildFile; fileRef = 0EBD3C682921512B0094A997 /* SceneDelegate.swift */; };
		0EBD3C6B2921512B0094A997 /* ViewController.swift in Sources */ = {isa = PBXBuildFile; fileRef = 0EBD3C6A2921512B0094A997 /* ViewController.swift */; };
		0EBD3C6E2921512B0094A997 /* Main.storyboard in Resources */ = {isa = PBXBuildFile; fileRef = 0EBD3C6C2921512B0094A997 /* Main.storyboard */; };
		0EBD3C702921512C0094A997 /* Assets.xcassets in Resources */ = {isa = PBXBuildFile; fileRef = 0EBD3C6F2921512C0094A997 /* Assets.xcassets */; };
		0EBD3C732921512C0094A997 /* LaunchScreen.storyboard in Resources */ = {isa = PBXBuildFile; fileRef = 0EBD3C712921512C0094A997 /* LaunchScreen.storyboard */; };
/* End PBXBuildFile section */

/* Begin PBXFileReference section */
		0E7D2FA9299F4B6D00D59FF5 /* GoogleService-Info.plist */ = {isa = PBXFileReference; fileEncoding = 4; lastKnownFileType = text.plist.xml; name = "GoogleService-Info.plist"; path = "../../../../Downloads/GoogleService-Info.plist"; sourceTree = "<group>"; };
		0E7D2FAB299F50DA00D59FF5 /* uyanikYonetim.entitlements */ = {isa = PBXFileReference; lastKnownFileType = text.plist.entitlements; path = uyanikYonetim.entitlements; sourceTree = "<group>"; };
		0EBD3C632921512B0094A997 /* uyanikYonetim.app */ = {isa = PBXFileReference; explicitFileType = wrapper.application; includeInIndex = 0; path = uyanikYonetim.app; sourceTree = BUILT_PRODUCTS_DIR; };
		0EBD3C662921512B0094A997 /* AppDelegate.swift */ = {isa = PBXFileReference; lastKnownFileType = sourcecode.swift; path = AppDelegate.swift; sourceTree = "<group>"; };
		0EBD3C682921512B0094A997 /* SceneDelegate.swift */ = {isa = PBXFileReference; lastKnownFileType = sourcecode.swift; path = SceneDelegate.swift; sourceTree = "<group>"; };
		0EBD3C6A2921512B0094A997 /* ViewController.swift */ = {isa = PBXFileReference; lastKnownFileType = sourcecode.swift; path = ViewController.swift; sourceTree = "<group>"; };
		0EBD3C6D2921512B0094A997 /* Base */ = {isa = PBXFileReference; lastKnownFileType = file.storyboard; name = Base; path = Base.lproj/Main.storyboard; sourceTree = "<group>"; };
		0EBD3C6F2921512C0094A997 /* Assets.xcassets */ = {isa = PBXFileReference; lastKnownFileType = folder.assetcatalog; path = Assets.xcassets; sourceTree = "<group>"; };
		0EBD3C722921512C0094A997 /* Base */ = {isa = PBXFileReference; lastKnownFileType = file.storyboard; name = Base; path = Base.lproj/LaunchScreen.storyboard; sourceTree = "<group>"; };
		0EBD3C742921512C0094A997 /* Info.plist */ = {isa = PBXFileReference; lastKnownFileType = text.plist.xml; path = Info.plist; sourceTree = "<group>"; };
/* End PBXFileReference section */

/* Begin PBXFrameworksBuildPhase section */
		0EBD3C602921512B0094A997 /* Frameworks */ = {
			isa = PBXFrameworksBuildPhase;
			buildActionMask = 2147483647;
			files = (
				0E280A2029A4E04300DFC658 /* FirebaseMessaging in Frameworks */,
				0E280A1E29A4E04300DFC658 /* FirebaseAnalytics in Frameworks */,
			);
			runOnlyForDeploymentPostprocessing = 0;
		};
/* End PBXFrameworksBuildPhase section */

/* Begin PBXGroup section */
		0EBD3C5A2921512B0094A997 = {
			isa = PBXGroup;
			children = (
				0EBD3C652921512B0094A997 /* uyanikYonetim */,
				0EBD3C642921512B0094A997 /* Products */,
			);
			sourceTree = "<group>";
		};
		0EBD3C642921512B0094A997 /* Products */ = {
			isa = PBXGroup;
			children = (
				0EBD3C632921512B0094A997 /* uyanikYonetim.app */,
			);
			name = Products;
			sourceTree = "<group>";
		};
		0EBD3C652921512B0094A997 /* uyanikYonetim */ = {
			isa = PBXGroup;
			children = (
				0E7D2FAB299F50DA00D59FF5 /* uyanikYonetim.entitlements */,
				0E7D2FA9299F4B6D00D59FF5 /* GoogleService-Info.plist */,
				0EBD3C662921512B0094A997 /* AppDelegate.swift */,
				0EBD3C682921512B0094A997 /* SceneDelegate.swift */,
				0EBD3C6A2921512B0094A997 /* ViewController.swift */,
				0EBD3C6C2921512B0094A997 /* Main.storyboard */,
				0EBD3C6F2921512C0094A997 /* Assets.xcassets */,
				0EBD3C712921512C0094A997 /* LaunchScreen.storyboard */,
				0EBD3C742921512C0094A997 /* Info.plist */,
			);
			path = uyanikYonetim;
			sourceTree = "<group>";
		};
/* End PBXGroup section */

/* Begin PBXNativeTarget section */
		0EBD3C622921512B0094A997 /* uyanikYonetim */ = {
			isa = PBXNativeTarget;
			buildConfigurationList = 0EBD3C772921512C0094A997 /* Build configuration list for PBXNativeTarget "uyanikYonetim" */;
			buildPhases = (
				0EBD3C5F2921512B0094A997 /* Sources */,
				0EBD3C602921512B0094A997 /* Frameworks */,
				0EBD3C612921512B0094A997 /* Resources */,
			);
			buildRules = (
			);
			dependencies = (
			);
			name = uyanikYonetim;
			packageProductDependencies = (
				0E280A1D29A4E04300DFC658 /* FirebaseAnalytics */,
				0E280A1F29A4E04300DFC658 /* FirebaseMessaging */,
			);
			productName = uyanikYonetim;
			productReference = 0EBD3C632921512B0094A997 /* uyanikYonetim.app */;
			productType = "com.apple.product-type.application";
		};
/* End PBXNativeTarget section */

/* Begin PBXProject section */
		0EBD3C5B2921512B0094A997 /* Project object */ = {
			isa = PBXProject;
			attributes = {
				BuildIndependentTargetsInParallel = 1;
				LastSwiftUpdateCheck = 1410;
				LastUpgradeCheck = 1410;
				TargetAttributes = {
					0EBD3C622921512B0094A997 = {
						CreatedOnToolsVersion = 14.1;
					};
				};
			};
			buildConfigurationList = 0EBD3C5E2921512B0094A997 /* Build configuration list for PBXProject "uyanikYonetim" */;
			compatibilityVersion = "Xcode 14.0";
			developmentRegion = en;
			hasScannedForEncodings = 0;
			knownRegions = (
				en,
				Base,
			);
			mainGroup = 0EBD3C5A2921512B0094A997;
			packageReferences = (
				0E280A1C29A4E04300DFC658 /* XCRemoteSwiftPackageReference "firebase-ios-sdk" */,
			);
			productRefGroup = 0EBD3C642921512B0094A997 /* Products */;
			projectDirPath = "";
			projectRoot = "";
			targets = (
				0EBD3C622921512B0094A997 /* uyanikYonetim */,
			);
		};
/* End PBXProject section */

/* Begin PBXResourcesBuildPhase section */
		0EBD3C612921512B0094A997 /* Resources */ = {
			isa = PBXResourcesBuildPhase;
			buildActionMask = 2147483647;
			files = (
				0EBD3C732921512C0094A997 /* LaunchScreen.storyboard in Resources */,
				0E7D2FAA299F4B6D00D59FF5 /* GoogleService-Info.plist in Resources */,
				0EBD3C702921512C0094A997 /* Assets.xcassets in Resources */,
				0EBD3C6E2921512B0094A997 /* Main.storyboard in Resources */,
			);
			runOnlyForDeploymentPostprocessing = 0;
		};
/* End PBXResourcesBuildPhase section */

/* Begin PBXSourcesBuildPhase section */
		0EBD3C5F2921512B0094A997 /* Sources */ = {
			isa = PBXSourcesBuildPhase;
			buildActionMask = 2147483647;
			files = (
				0EBD3C6B2921512B0094A997 /* ViewController.swift in Sources */,
				0EBD3C672921512B0094A997 /* AppDelegate.swift in Sources */,
				0EBD3C692921512B0094A997 /* SceneDelegate.swift in Sources */,
			);
			runOnlyForDeploymentPostprocessing = 0;
		};
/* End PBXSourcesBuildPhase section */

/* Begin PBXVariantGroup section */
		0EBD3C6C2921512B0094A997 /* Main.storyboard */ = {
			isa = PBXVariantGroup;
			children = (
				0EBD3C6D2921512B0094A997 /* Base */,
			);
			name = Main.storyboard;
			sourceTree = "<group>";
		};
		0EBD3C712921512C0094A997 /* LaunchScreen.storyboard */ = {
			isa = PBXVariantGroup;
			children = (
				0EBD3C722921512C0094A997 /* Base */,
			);
			name = LaunchScreen.storyboard;
			sourceTree = "<group>";
		};
/* End PBXVariantGroup section */

/* Begin XCBuildConfiguration section */
		0EBD3C752921512C0094A997 /* Debug */ = {
			isa = XCBuildConfiguration;
			buildSettings = {
				ALWAYS_SEARCH_USER_PATHS = NO;
				CLANG_ANALYZER_NONNULL = YES;
				CLANG_ANALYZER_NUMBER_OBJECT_CONVERSION = YES_AGGRESSIVE;
				CLANG_CXX_LANGUAGE_STANDARD = "gnu++20";
				CLANG_ENABLE_MODULES = YES;
				CLANG_ENABLE_OBJC_ARC = YES;
				CLANG_ENABLE_OBJC_WEAK = YES;
				CLANG_WARN_BLOCK_CAPTURE_AUTORELEASING = YES;
				CLANG_WARN_BOOL_CONVERSION = YES;
				CLANG_WARN_COMMA = YES;
				CLANG_WARN_CONSTANT_CONVERSION = YES;
				CLANG_WARN_DEPRECATED_OBJC_IMPLEMENTATIONS = YES;
				CLANG_WARN_DIRECT_OBJC_ISA_USAGE = YES_ERROR;
				CLANG_WARN_DOCUMENTATION_COMMENTS = YES;
				CLANG_WARN_EMPTY_BODY = YES;
				CLANG_WARN_ENUM_CONVERSION = YES;
				CLANG_WARN_INFINITE_RECURSION = YES;
				CLANG_WARN_INT_CONVERSION = YES;
				CLANG_WARN_NON_LITERAL_NULL_CONVERSION = YES;
				CLANG_WARN_OBJC_IMPLICIT_RETAIN_SELF = YES;
				CLANG_WARN_OBJC_LITERAL_CONVERSION = YES;
				CLANG_WARN_OBJC_ROOT_CLASS = YES_ERROR;
				CLANG_WARN_QUOTED_INCLUDE_IN_FRAMEWORK_HEADER = YES;
				CLANG_WARN_RANGE_LOOP_ANALYSIS = YES;
				CLANG_WARN_STRICT_PROTOTYPES = YES;
				CLANG_WARN_SUSPICIOUS_MOVE = YES;
				CLANG_WARN_UNGUARDED_AVAILABILITY = YES_AGGRESSIVE;
				CLANG_WARN_UNREACHABLE_CODE = YES;
				CLANG_WARN__DUPLICATE_METHOD_MATCH = YES;
				COPY_PHASE_STRIP = NO;
				DEBUG_INFORMATION_FORMAT = dwarf;
				ENABLE_STRICT_OBJC_MSGSEND = YES;
				ENABLE_TESTABILITY = YES;
				GCC_C_LANGUAGE_STANDARD = gnu11;
				GCC_DYNAMIC_NO_PIC = NO;
				GCC_NO_COMMON_BLOCKS = YES;
				GCC_OPTIMIZATION_LEVEL = 0;
				GCC_PREPROCESSOR_DEFINITIONS = (
					"DEBUG=1",
					"$(inherited)",
				);
				GCC_WARN_64_TO_32_BIT_CONVERSION = YES;
				GCC_WARN_ABOUT_RETURN_TYPE = YES_ERROR;
				GCC_WARN_UNDECLARED_SELECTOR = YES;
				GCC_WARN_UNINITIALIZED_AUTOS = YES_AGGRESSIVE;
				GCC_WARN_UNUSED_FUNCTION = YES;
				GCC_WARN_UNUSED_VARIABLE = YES;
				IPHONEOS_DEPLOYMENT_TARGET = 14.0;
				MTL_ENABLE_DEBUG_INFO = INCLUDE_SOURCE;
				MTL_FAST_MATH = YES;
				ONLY_ACTIVE_ARCH = YES;
				SDKROOT = iphoneos;
				SWIFT_ACTIVE_COMPILATION_CONDITIONS = DEBUG;
				SWIFT_OPTIMIZATION_LEVEL = "-Onone";
			};
			name = Debug;
		};
		0EBD3C762921512C0094A997 /* Release */ = {
			isa = XCBuildConfiguration;
			buildSettings = {
				ALWAYS_SEARCH_USER_PATHS = NO;
				CLANG_ANALYZER_NONNULL = YES;
				CLANG_ANALYZER_NUMBER_OBJECT_CONVERSION = YES_AGGRESSIVE;
				CLANG_CXX_LANGUAGE_STANDARD = "gnu++20";
				CLANG_ENABLE_MODULES = YES;
				CLANG_ENABLE_OBJC_ARC = YES;
				CLANG_ENABLE_OBJC_WEAK = YES;
				CLANG_WARN_BLOCK_CAPTURE_AUTORELEASING = YES;
				CLANG_WARN_BOOL_CONVERSION = YES;
				CLANG_WARN_COMMA = YES;
				CLANG_WARN_CONSTANT_CONVERSION = YES;
				CLANG_WARN_DEPRECATED_OBJC_IMPLEMENTATIONS = YES;
				CLANG_WARN_DIRECT_OBJC_ISA_USAGE = YES_ERROR;
				CLANG_WARN_DOCUMENTATION_COMMENTS = YES;
				CLANG_WARN_EMPTY_BODY = YES;
				CLANG_WARN_ENUM_CONVERSION = YES;
				CLANG_WARN_INFINITE_RECURSION = YES;
				CLANG_WARN_INT_CONVERSION = YES;
				CLANG_WARN_NON_LITERAL_NULL_CONVERSION = YES;
				CLANG_WARN_OBJC_IMPLICIT_RETAIN_SELF = YES;
				CLANG_WARN_OBJC_LITERAL_CONVERSION = YES;
				CLANG_WARN_OBJC_ROOT_CLASS = YES_ERROR;
				CLANG_WARN_QUOTED_INCLUDE_IN_FRAMEWORK_HEADER = YES;
				CLANG_WARN_RANGE_LOOP_ANALYSIS = YES;
				CLANG_WARN_STRICT_PROTOTYPES = YES;
				CLANG_WARN_SUSPICIOUS_MOVE = YES;
				CLANG_WARN_UNGUARDED_AVAILABILITY = YES_AGGRESSIVE;
				CLANG_WARN_UNREACHABLE_CODE = YES;
				CLANG_WARN__DUPLICATE_METHOD_MATCH = YES;
				COPY_PHASE_STRIP = NO;
				DEBUG_INFORMATION_FORMAT = "dwarf-with-dsym";
				ENABLE_NS_ASSERTIONS = NO;
				ENABLE_STRICT_OBJC_MSGSEND = YES;
				GCC_C_LANGUAGE_STANDARD = gnu11;
				GCC_NO_COMMON_BLOCKS = YES;
				GCC_WARN_64_TO_32_BIT_CONVERSION = YES;
				GCC_WARN_ABOUT_RETURN_TYPE = YES_ERROR;
				GCC_WARN_UNDECLARED_SELECTOR = YES;
				GCC_WARN_UNINITIALIZED_AUTOS = YES_AGGRESSIVE;
				GCC_WARN_UNUSED_FUNCTION = YES;
				GCC_WARN_UNUSED_VARIABLE = YES;
				IPHONEOS_DEPLOYMENT_TARGET = 14.0;
				MTL_ENABLE_DEBUG_INFO = NO;
				MTL_FAST_MATH = YES;
				SDKROOT = iphoneos;
				SWIFT_COMPILATION_MODE = wholemodule;
				SWIFT_OPTIMIZATION_LEVEL = "-O";
				VALIDATE_PRODUCT = YES;
			};
			name = Release;
		};
		0EBD3C782921512C0094A997 /* Debug */ = {
			isa = XCBuildConfiguration;
			buildSettings = {
				ASSETCATALOG_COMPILER_APPICON_NAME = AppIcon;
				ASSETCATALOG_COMPILER_GLOBAL_ACCENT_COLOR_NAME = AccentColor;
				ASSETCATALOG_COMPILER_INCLUDE_ALL_APPICON_ASSETS = YES;
				CODE_SIGN_ENTITLEMENTS = uyanikYonetim/uyanikYonetim.entitlements;
				CODE_SIGN_IDENTITY = "Apple Development";
				CODE_SIGN_STYLE = Automatic;
				CURRENT_PROJECT_VERSION = 4;
				DEVELOPMENT_TEAM = 7S5JU362GU;
				GENERATE_INFOPLIST_FILE = YES;
				INFOPLIST_FILE = uyanikYonetim/Info.plist;
				INFOPLIST_KEY_CFBundleDisplayName = "Uyanık Yönetim";
				INFOPLIST_KEY_LSApplicationCategoryType = "public.app-category.education";
				INFOPLIST_KEY_NSCameraUsageDescription = "Need camera access for uploading images";
				INFOPLIST_KEY_NSLocationUsageDescription = "Need location access for updating nearby friends";
				INFOPLIST_KEY_NSLocationWhenInUseUsageDescription = "This app will use your location to show cool stuffs near you.";
				INFOPLIST_KEY_NSMicrophoneUsageDescription = "Need microphone access for uploading videos";
				INFOPLIST_KEY_NSPhotoLibraryUsageDescription = "Need photo library access for uploading images";
				INFOPLIST_KEY_UIApplicationSupportsIndirectInputEvents = YES;
				INFOPLIST_KEY_UILaunchStoryboardName = LaunchScreen.storyboar;
				INFOPLIST_KEY_UIMainStoryboardFile = Main;
				INFOPLIST_KEY_UIRequiresFullScreen = NO;
				INFOPLIST_KEY_UIStatusBarStyle = UIStatusBarStyleLightContent;
				INFOPLIST_KEY_UISupportedInterfaceOrientations_iPad = "UIInterfaceOrientationPortrait UIInterfaceOrientationPortraitUpsideDown UIInterfaceOrientationLandscapeLeft UIInterfaceOrientationLandscapeRight";
				INFOPLIST_KEY_UISupportedInterfaceOrientations_iPhone = "UIInterfaceOrientationPortrait UIInterfaceOrientationLandscapeLeft UIInterfaceOrientationLandscapeRight";
				IPHONEOS_DEPLOYMENT_TARGET = 14.0;
				LD_RUNPATH_SEARCH_PATHS = (
					"$(inherited)",
					"@executable_path/Frameworks",
				);
				MARKETING_VERSION = 1.1;
				PRODUCT_BUNDLE_IDENTIFIER = com.uyanikKutuphane.uyanikYonetim;
				PRODUCT_NAME = "$(TARGET_NAME)";
				PROVISIONING_PROFILE_SPECIFIER = "";
				SWIFT_EMIT_LOC_STRINGS = YES;
				SWIFT_VERSION = 5.0;
				TARGETED_DEVICE_FAMILY = "1,2";
			};
			name = Debug;
		};
		0EBD3C792921512C0094A997 /* Release */ = {
			isa = XCBuildConfiguration;
			buildSettings = {
				ASSETCATALOG_COMPILER_APPICON_NAME = AppIcon;
				ASSETCATALOG_COMPILER_GLOBAL_ACCENT_COLOR_NAME = AccentColor;
				ASSETCATALOG_COMPILER_INCLUDE_ALL_APPICON_ASSETS = YES;
				CODE_SIGN_ENTITLEMENTS = uyanikYonetim/uyanikYonetim.entitlements;
				CODE_SIGN_IDENTITY = "Apple Development";
				CODE_SIGN_STYLE = Automatic;
				CURRENT_PROJECT_VERSION = 4;
				DEVELOPMENT_TEAM = 7S5JU362GU;
				GENERATE_INFOPLIST_FILE = YES;
				INFOPLIST_FILE = uyanikYonetim/Info.plist;
				INFOPLIST_KEY_CFBundleDisplayName = "Uyanık Yönetim";
				INFOPLIST_KEY_LSApplicationCategoryType = "public.app-category.education";
				INFOPLIST_KEY_NSCameraUsageDescription = "Need camera access for uploading images";
				INFOPLIST_KEY_NSLocationUsageDescription = "Need location access for updating nearby friends";
				INFOPLIST_KEY_NSLocationWhenInUseUsageDescription = "This app will use your location to show cool stuffs near you.";
				INFOPLIST_KEY_NSMicrophoneUsageDescription = "Need microphone access for uploading videos";
				INFOPLIST_KEY_NSPhotoLibraryUsageDescription = "Need photo library access for uploading images";
				INFOPLIST_KEY_UIApplicationSupportsIndirectInputEvents = YES;
				INFOPLIST_KEY_UILaunchStoryboardName = LaunchScreen.storyboar;
				INFOPLIST_KEY_UIMainStoryboardFile = Main;
				INFOPLIST_KEY_UIRequiresFullScreen = NO;
				INFOPLIST_KEY_UIStatusBarStyle = UIStatusBarStyleLightContent;
				INFOPLIST_KEY_UISupportedInterfaceOrientations_iPad = "UIInterfaceOrientationPortrait UIInterfaceOrientationPortraitUpsideDown UIInterfaceOrientationLandscapeLeft UIInterfaceOrientationLandscapeRight";
				INFOPLIST_KEY_UISupportedInterfaceOrientations_iPhone = "UIInterfaceOrientationPortrait UIInterfaceOrientationLandscapeLeft UIInterfaceOrientationLandscapeRight";
				IPHONEOS_DEPLOYMENT_TARGET = 14.0;
				LD_RUNPATH_SEARCH_PATHS = (
					"$(inherited)",
					"@executable_path/Frameworks",
				);
				MARKETING_VERSION = 1.1;
				PRODUCT_BUNDLE_IDENTIFIER = com.uyanikKutuphane.uyanikYonetim;
				PRODUCT_NAME = "$(TARGET_NAME)";
				PROVISIONING_PROFILE_SPECIFIER = "";
				SWIFT_EMIT_LOC_STRINGS = YES;
				SWIFT_VERSION = 5.0;
				TARGETED_DEVICE_FAMILY = "1,2";
			};
			name = Release;
		};
/* End XCBuildConfiguration section */

/* Begin XCConfigurationList section */
		0EBD3C5E2921512B0094A997 /* Build configuration list for PBXProject "uyanikYonetim" */ = {
			isa = XCConfigurationList;
			buildConfigurations = (
				0EBD3C752921512C0094A997 /* Debug */,
				0EBD3C762921512C0094A997 /* Release */,
			);
			defaultConfigurationIsVisible = 0;
			defaultConfigurationName = Release;
		};
		0EBD3C772921512C0094A997 /* Build configuration list for PBXNativeTarget "uyanikYonetim" */ = {
			isa = XCConfigurationList;
			buildConfigurations = (
				0EBD3C782921512C0094A997 /* Debug */,
				0EBD3C792921512C0094A997 /* Release */,
			);
			defaultConfigurationIsVisible = 0;
			defaultConfigurationName = Release;
		};
/* End XCConfigurationList section */

/* Begin XCRemoteSwiftPackageReference section */
		0E280A1C29A4E04300DFC658 /* XCRemoteSwiftPackageReference "firebase-ios-sdk" */ = {
			isa = XCRemoteSwiftPackageReference;
			repositoryURL = "https://github.com/firebase/firebase-ios-sdk";
			requirement = {
				branch = master;
				kind = branch;
			};
		};
/* End XCRemoteSwiftPackageReference section */

/* Begin XCSwiftPackageProductDependency section */
		0E280A1D29A4E04300DFC658 /* FirebaseAnalytics */ = {
			isa = XCSwiftPackageProductDependency;
			package = 0E280A1C29A4E04300DFC658 /* XCRemoteSwiftPackageReference "firebase-ios-sdk" */;
			productName = FirebaseAnalytics;
		};
		0E280A1F29A4E04300DFC658 /* FirebaseMessaging */ = {
			isa = XCSwiftPackageProductDependency;
			package = 0E280A1C29A4E04300DFC658 /* XCRemoteSwiftPackageReference "firebase-ios-sdk" */;
			productName = FirebaseMessaging;
		};
/* End XCSwiftPackageProductDependency section */
	};
	rootObject = 0EBD3C5B2921512B0094A997 /* Project object */;
}
